
Microsoft Visual Studio Solution File, Format Version 12.00
# Visual Studio 2012
Project("{FAE04EC0-301F-11D3-BF4B-00C04F79EFBC}") = "JoaoRibeiro", "JoaoRibeiro\JoaoRibeiro.csproj", "{CDEDD61A-6816-49B4-8C4D-DAD91B758314}"
EndProject
Global
	GlobalSection(SolutionConfigurationPlatforms) = preSolution
		Debug|Any CPU = Debug|Any CPU
		Release|Any CPU = Release|Any CPU
	EndGlobalSection
	GlobalSection(ProjectConfigurationPlatforms) = postSolution
		{CDEDD61A-6816-49B4-8C4D-DAD91B758314}.Debug|Any CPU.ActiveCfg = Debug|Any CPU
		{CDEDD61A-6816-49B4-8C4D-DAD91B758314}.Debug|Any CPU.Build.0 = Debug|Any CPU
		{CDEDD61A-6816-49B4-8C4D-DAD91B758314}.Release|Any CPU.ActiveCfg = Release|Any CPU
		{CDEDD61A-6816-49B4-8C4D-DAD91B758314}.Release|Any CPU.Build.0 = Release|Any CPU
	EndGlobalSection
	GlobalSection(SolutionProperties) = preSolution
		HideSolutionNode = FALSE
	EndGlobalSection
EndGlobal
