
Microsoft Visual Studio Solution File, Format Version 12.00
# Visual Studio 2012
Project("{FAE04EC0-301F-11D3-BF4B-00C04F79EFBC}") = "CriarBD", "CriarBD\CriarBD.csproj", "{D929E435-4C7C-429F-8797-2DBA31C1E729}"
EndProject
Project("{2150E333-8FDC-42A3-9474-1A3956D46DE8}") = "Solution Items", "Solution Items", "{E88CF9E2-F0DD-48F1-A8B7-27931032E2C4}"
EndProject
Global
	GlobalSection(SolutionConfigurationPlatforms) = preSolution
		Debug|Any CPU = Debug|Any CPU
		Release|Any CPU = Release|Any CPU
	EndGlobalSection
	GlobalSection(ProjectConfigurationPlatforms) = postSolution
		{D929E435-4C7C-429F-8797-2DBA31C1E729}.Debug|Any CPU.ActiveCfg = Debug|Any CPU
		{D929E435-4C7C-429F-8797-2DBA31C1E729}.Debug|Any CPU.Build.0 = Debug|Any CPU
		{D929E435-4C7C-429F-8797-2DBA31C1E729}.Release|Any CPU.ActiveCfg = Release|Any CPU
		{D929E435-4C7C-429F-8797-2DBA31C1E729}.Release|Any CPU.Build.0 = Release|Any CPU
	EndGlobalSection
	GlobalSection(SolutionProperties) = preSolution
		HideSolutionNode = FALSE
	EndGlobalSection
EndGlobal
